
Microsoft Visual Studio Solution File, Format Version 12.00
# Visual Studio 15
VisualStudioVersion = 15.0.28307.1000
MinimumVisualStudioVersion = 10.0.40219.1
Project("{FAE04EC0-301F-11D3-BF4B-00C04F79EFBC}") = "CodeFirstApproach", "CodeFirstApproach\CodeFirstApproach.csproj", "{FD403CEC-3032-4FC4-92F5-6B3F9180FAB8}"
EndProject
Global
	GlobalSection(SolutionConfigurationPlatforms) = preSolution
		Debug|Any CPU = Debug|Any CPU
		Release|Any CPU = Release|Any CPU
	EndGlobalSection
	GlobalSection(ProjectConfigurationPlatforms) = postSolution
		{FD403CEC-3032-4FC4-92F5-6B3F9180FAB8}.Debug|Any CPU.ActiveCfg = Debug|Any CPU
		{FD403CEC-3032-4FC4-92F5-6B3F9180FAB8}.Debug|Any CPU.Build.0 = Debug|Any CPU
		{FD403CEC-3032-4FC4-92F5-6B3F9180FAB8}.Release|Any CPU.ActiveCfg = Release|Any CPU
		{FD403CEC-3032-4FC4-92F5-6B3F9180FAB8}.Release|Any CPU.Build.0 = Release|Any CPU
	EndGlobalSection
	GlobalSection(SolutionProperties) = preSolution
		HideSolutionNode = FALSE
	EndGlobalSection
	GlobalSection(ExtensibilityGlobals) = postSolution
		SolutionGuid = {EDCC98F4-486B-4420-AA7E-688853464FF1}
	EndGlobalSection
EndGlobal
