
Microsoft Visual Studio Solution File, Format Version 12.00
# Visual Studio 15
VisualStudioVersion = 15.0.28307.1000
MinimumVisualStudioVersion = 10.0.40219.1
Project("{FAE04EC0-301F-11D3-BF4B-00C04F79EFBC}") = "ASPDotNetMvcCoreApp", "ASPDotNetMvcCoreApp\ASPDotNetMvcCoreApp.csproj", "{7EBF771A-4DF5-4C11-8C5F-561AA4E5264A}"
EndProject
Global
	GlobalSection(SolutionConfigurationPlatforms) = preSolution
		Debug|Any CPU = Debug|Any CPU
		Release|Any CPU = Release|Any CPU
	EndGlobalSection
	GlobalSection(ProjectConfigurationPlatforms) = postSolution
		{7EBF771A-4DF5-4C11-8C5F-561AA4E5264A}.Debug|Any CPU.ActiveCfg = Debug|Any CPU
		{7EBF771A-4DF5-4C11-8C5F-561AA4E5264A}.Debug|Any CPU.Build.0 = Debug|Any CPU
		{7EBF771A-4DF5-4C11-8C5F-561AA4E5264A}.Release|Any CPU.ActiveCfg = Release|Any CPU
		{7EBF771A-4DF5-4C11-8C5F-561AA4E5264A}.Release|Any CPU.Build.0 = Release|Any CPU
	EndGlobalSection
	GlobalSection(SolutionProperties) = preSolution
		HideSolutionNode = FALSE
	EndGlobalSection
	GlobalSection(ExtensibilityGlobals) = postSolution
		SolutionGuid = {6A463515-8F07-40FE-B947-A410A2D6AA0D}
	EndGlobalSection
EndGlobal
