
Microsoft Visual Studio Solution File, Format Version 12.00
# Visual Studio 15
VisualStudioVersion = 15.0.28307.1000
MinimumVisualStudioVersion = 10.0.40219.1
Project("{FAE04EC0-301F-11D3-BF4B-00C04F79EFBC}") = "Demo_Myprj", "Demo_Myprj\Demo_Myprj.csproj", "{AF313979-7ED9-41CF-9EF6-9278B708A450}"
EndProject
Global
	GlobalSection(SolutionConfigurationPlatforms) = preSolution
		Debug|Any CPU = Debug|Any CPU
		Release|Any CPU = Release|Any CPU
	EndGlobalSection
	GlobalSection(ProjectConfigurationPlatforms) = postSolution
		{AF313979-7ED9-41CF-9EF6-9278B708A450}.Debug|Any CPU.ActiveCfg = Debug|Any CPU
		{AF313979-7ED9-41CF-9EF6-9278B708A450}.Debug|Any CPU.Build.0 = Debug|Any CPU
		{AF313979-7ED9-41CF-9EF6-9278B708A450}.Release|Any CPU.ActiveCfg = Release|Any CPU
		{AF313979-7ED9-41CF-9EF6-9278B708A450}.Release|Any CPU.Build.0 = Release|Any CPU
	EndGlobalSection
	GlobalSection(SolutionProperties) = preSolution
		HideSolutionNode = FALSE
	EndGlobalSection
	GlobalSection(ExtensibilityGlobals) = postSolution
		SolutionGuid = {0E3B584B-E6FC-4F06-92D9-8584E2208FA3}
	EndGlobalSection
EndGlobal
